{
  "version": 4,
  "terraform_version": "1.4.6",
  "serial": 15,
  "lineage": "540e44f1-6ee1-f76b-d36d-9799bbb5a295",
  "outputs": {
    "cidroutput": {
      "value": "20.0.0.0/16",
      "type": "string"
    },
    "vpcID": {
      "value": "vpc-09636b17c12b0ff29",
      "type": "string"
    }
  },
  "resources": [
    {
      "mode": "managed",
      "type": "aws_vpc",
      "name": "myvpc",
      "provider": "provider[\"registry.terraform.io/hashicorp/aws\"]",
      "instances": [
        {
          "schema_version": 1,
          "attributes": {
            "arn": "arn:aws:ec2:us-east-1:945652975515:vpc/vpc-09636b17c12b0ff29",
            "assign_generated_ipv6_cidr_block": false,
            "cidr_block": "20.0.0.0/16",
            "default_network_acl_id": "acl-005b478cdadabd9b6",
            "default_route_table_id": "rtb-0ad3f9032cf81e3e7",
            "default_security_group_id": "sg-02e215ee0f708a63a",
            "dhcp_options_id": "dopt-0051bbfb31339e2c0",
            "enable_classiclink": false,
            "enable_classiclink_dns_support": false,
            "enable_dns_hostnames": false,
            "enable_dns_support": true,
            "enable_network_address_usage_metrics": false,
            "id": "vpc-09636b17c12b0ff29",
            "instance_tenancy": "default",
            "ipv4_ipam_pool_id": null,
            "ipv4_netmask_length": null,
            "ipv6_association_id": "",
            "ipv6_cidr_block": "",
            "ipv6_cidr_block_network_border_group": "",
            "ipv6_ipam_pool_id": "",
            "ipv6_netmask_length": 0,
            "main_route_table_id": "rtb-0ad3f9032cf81e3e7",
            "owner_id": "945652975515",
            "tags": {
              "Name": "tfvpc"
            },
            "tags_all": {
              "Name": "tfvpc"
            }
          },
          "sensitive_attributes": [],
          "private": "eyJzY2hlbWFfdmVyc2lvbiI6IjEifQ=="
        }
      ]
    }
  ],
  "check_results": null
}
